// !$*UTF8*$!
{
	archiveVersion = 1;
	classes = {
	};
	objectVersion = 77;
	objects = {

/* Begin PBXBuildFile section */
		1ADCCC8C2D1E9FB200540BB9 /* SQLite in Frameworks */ = {isa = PBXBuildFile; productRef = 1ADCCC8B2D1E9FB200540BB9 /* SQLite */; };
/* End PBXBuildFile section */

/* Begin PBXContainerItemProxy section */
		1ADCCC502D1E9E8D00540BB9 /* PBXContainerItemProxy */ = {
			isa = PBXContainerItemProxy;
			containerPortal = 1ADCCC372D1E9E8B00540BB9 /* Project object */;
			proxyType = 1;
			remoteGlobalIDString = 1ADCCC3E2D1E9E8B00540BB9;
			remoteInfo = sqliteDemo;
		};
		1ADCCC5A2D1E9E8D00540BB9 /* PBXContainerItemProxy */ = {
			isa = PBXContainerItemProxy;
			containerPortal = 1ADCCC372D1E9E8B00540BB9 /* Project object */;
			proxyType = 1;
			remoteGlobalIDString = 1ADCCC3E2D1E9E8B00540BB9;
			remoteInfo = sqliteDemo;
		};
/* End PBXContainerItemProxy section */

/* Begin PBXFileReference section */
		1ADCCC3F2D1E9E8B00540BB9 /* sqliteDemo.app */ = {isa = PBXFileReference; explicitFileType = wrapper.application; includeInIndex = 0; path = sqliteDemo.app; sourceTree = BUILT_PRODUCTS_DIR; };
		1ADCCC4F2D1E9E8D00540BB9 /* sqliteDemoTests.xctest */ = {isa = PBXFileReference; explicitFileType = wrapper.cfbundle; includeInIndex = 0; path = sqliteDemoTests.xctest; sourceTree = BUILT_PRODUCTS_DIR; };
		1ADCCC592D1E9E8D00540BB9 /* sqliteDemoUITests.xctest */ = {isa = PBXFileReference; explicitFileType = wrapper.cfbundle; includeInIndex = 0; path = sqliteDemoUITests.xctest; sourceTree = BUILT_PRODUCTS_DIR; };
/* End PBXFileReference section */

/* Begin PBXFileSystemSynchronizedRootGroup section */
		1ADCCC412D1E9E8B00540BB9 /* sqliteDemo */ = {
			isa = PBXFileSystemSynchronizedRootGroup;
			path = sqliteDemo;
			sourceTree = "<group>";
		};
		1ADCCC522D1E9E8D00540BB9 /* sqliteDemoTests */ = {
			isa = PBXFileSystemSynchronizedRootGroup;
			path = sqliteDemoTests;
			sourceTree = "<group>";
		};
		1ADCCC5C2D1E9E8D00540BB9 /* sqliteDemoUITests */ = {
			isa = PBXFileSystemSynchronizedRootGroup;
			path = sqliteDemoUITests;
			sourceTree = "<group>";
		};
/* End PBXFileSystemSynchronizedRootGroup section */

/* Begin PBXFrameworksBuildPhase section */
		1ADCCC3C2D1E9E8B00540BB9 /* Frameworks */ = {
			isa = PBXFrameworksBuildPhase;
			buildActionMask = 2147483647;
			files = (
				1ADCCC8C2D1E9FB200540BB9 /* SQLite in Frameworks */,
			);
			runOnlyForDeploymentPostprocessing = 0;
		};
		1ADCCC4C2D1E9E8D00540BB9 /* Frameworks */ = {
			isa = PBXFrameworksBuildPhase;
			buildActionMask = 2147483647;
			files = (
			);
			runOnlyForDeploymentPostprocessing = 0;
		};
		1ADCCC562D1E9E8D00540BB9 /* Frameworks */ = {
			isa = PBXFrameworksBuildPhase;
			buildActionMask = 2147483647;
			files = (
			);
			runOnlyForDeploymentPostprocessing = 0;
		};
/* End PBXFrameworksBuildPhase section */

/* Begin PBXGroup section */
		1ADCCC362D1E9E8B00540BB9 = {
			isa = PBXGroup;
			children = (
				1ADCCC412D1E9E8B00540BB9 /* sqliteDemo */,
				1ADCCC522D1E9E8D00540BB9 /* sqliteDemoTests */,
				1ADCCC5C2D1E9E8D00540BB9 /* sqliteDemoUITests */,
				1ADCCC402D1E9E8B00540BB9 /* Products */,
			);
			sourceTree = "<group>";
		};
		1ADCCC402D1E9E8B00540BB9 /* Products */ = {
			isa = PBXGroup;
			children = (
				1ADCCC3F2D1E9E8B00540BB9 /* sqliteDemo.app */,
				1ADCCC4F2D1E9E8D00540BB9 /* sqliteDemoTests.xctest */,
				1ADCCC592D1E9E8D00540BB9 /* sqliteDemoUITests.xctest */,
			);
			name = Products;
			sourceTree = "<group>";
		};
/* End PBXGroup section */

/* Begin PBXNativeTarget section */
		1ADCCC3E2D1E9E8B00540BB9 /* sqliteDemo */ = {
			isa = PBXNativeTarget;
			buildConfigurationList = 1ADCCC632D1E9E8D00540BB9 /* Build configuration list for PBXNativeTarget "sqliteDemo" */;
			buildPhases = (
				1ADCCC3B2D1E9E8B00540BB9 /* Sources */,
				1ADCCC3C2D1E9E8B00540BB9 /* Frameworks */,
				1ADCCC3D2D1E9E8B00540BB9 /* Resources */,
			);
			buildRules = (
			);
			dependencies = (
			);
			fileSystemSynchronizedGroups = (
				1ADCCC412D1E9E8B00540BB9 /* sqliteDemo */,
			);
			name = sqliteDemo;
			packageProductDependencies = (
				1ADCCC8B2D1E9FB200540BB9 /* SQLite */,
			);
			productName = sqliteDemo;
			productReference = 1ADCCC3F2D1E9E8B00540BB9 /* sqliteDemo.app */;
			productType = "com.apple.product-type.application";
		};
		1ADCCC4E2D1E9E8D00540BB9 /* sqliteDemoTests */ = {
			isa = PBXNativeTarget;
			buildConfigurationList = 1ADCCC662D1E9E8D00540BB9 /* Build configuration list for PBXNativeTarget "sqliteDemoTests" */;
			buildPhases = (
				1ADCCC4B2D1E9E8D00540BB9 /* Sources */,
				1ADCCC4C2D1E9E8D00540BB9 /* Frameworks */,
				1ADCCC4D2D1E9E8D00540BB9 /* Resources */,
			);
			buildRules = (
			);
			dependencies = (
				1ADCCC512D1E9E8D00540BB9 /* PBXTargetDependency */,
			);
			fileSystemSynchronizedGroups = (
				1ADCCC522D1E9E8D00540BB9 /* sqliteDemoTests */,
			);
			name = sqliteDemoTests;
			packageProductDependencies = (
			);
			productName = sqliteDemoTests;
			productReference = 1ADCCC4F2D1E9E8D00540BB9 /* sqliteDemoTests.xctest */;
			productType = "com.apple.product-type.bundle.unit-test";
		};
		1ADCCC582D1E9E8D00540BB9 /* sqliteDemoUITests */ = {
			isa = PBXNativeTarget;
			buildConfigurationList = 1ADCCC692D1E9E8D00540BB9 /* Build configuration list for PBXNativeTarget "sqliteDemoUITests" */;
			buildPhases = (
				1ADCCC552D1E9E8D00540BB9 /* Sources */,
				1ADCCC562D1E9E8D00540BB9 /* Frameworks */,
				1ADCCC572D1E9E8D00540BB9 /* Resources */,
			);
			buildRules = (
			);
			dependencies = (
				1ADCCC5B2D1E9E8D00540BB9 /* PBXTargetDependency */,
			);
			fileSystemSynchronizedGroups = (
				1ADCCC5C2D1E9E8D00540BB9 /* sqliteDemoUITests */,
			);
			name = sqliteDemoUITests;
			packageProductDependencies = (
			);
			productName = sqliteDemoUITests;
			productReference = 1ADCCC592D1E9E8D00540BB9 /* sqliteDemoUITests.xctest */;
			productType = "com.apple.product-type.bundle.ui-testing";
		};
/* End PBXNativeTarget section */

/* Begin PBXProject section */
		1ADCCC372D1E9E8B00540BB9 /* Project object */ = {
			isa = PBXProject;
			attributes = {
				BuildIndependentTargetsInParallel = 1;
				LastSwiftUpdateCheck = 1620;
				LastUpgradeCheck = 1620;
				TargetAttributes = {
					1ADCCC3E2D1E9E8B00540BB9 = {
						CreatedOnToolsVersion = 16.2;
					};
					1ADCCC4E2D1E9E8D00540BB9 = {
						CreatedOnToolsVersion = 16.2;
						TestTargetID = 1ADCCC3E2D1E9E8B00540BB9;
					};
					1ADCCC582D1E9E8D00540BB9 = {
						CreatedOnToolsVersion = 16.2;
						TestTargetID = 1ADCCC3E2D1E9E8B00540BB9;
					};
				};
			};
			buildConfigurationList = 1ADCCC3A2D1E9E8B00540BB9 /* Build configuration list for PBXProject "sqliteDemo" */;
			developmentRegion = en;
			hasScannedForEncodings = 0;
			knownRegions = (
				en,
				Base,
			);
			mainGroup = 1ADCCC362D1E9E8B00540BB9;
			minimizedProjectReferenceProxies = 1;
			packageReferences = (
				1ADCCC8A2D1E9FB200540BB9 /* XCRemoteSwiftPackageReference "SQLite.swift" */,
			);
			preferredProjectObjectVersion = 77;
			productRefGroup = 1ADCCC402D1E9E8B00540BB9 /* Products */;
			projectDirPath = "";
			projectRoot = "";
			targets = (
				1ADCCC3E2D1E9E8B00540BB9 /* sqliteDemo */,
				1ADCCC4E2D1E9E8D00540BB9 /* sqliteDemoTests */,
				1ADCCC582D1E9E8D00540BB9 /* sqliteDemoUITests */,
			);
		};
/* End PBXProject section */

/* Begin PBXResourcesBuildPhase section */
		1ADCCC3D2D1E9E8B00540BB9 /* Resources */ = {
			isa = PBXResourcesBuildPhase;
			buildActionMask = 2147483647;
			files = (
			);
			runOnlyForDeploymentPostprocessing = 0;
		};
		1ADCCC4D2D1E9E8D00540BB9 /* Resources */ = {
			isa = PBXResourcesBuildPhase;
			buildActionMask = 2147483647;
			files = (
			);
			runOnlyForDeploymentPostprocessing = 0;
		};
		1ADCCC572D1E9E8D00540BB9 /* Resources */ = {
			isa = PBXResourcesBuildPhase;
			buildActionMask = 2147483647;
			files = (
			);
			runOnlyForDeploymentPostprocessing = 0;
		};
/* End PBXResourcesBuildPhase section */

/* Begin PBXSourcesBuildPhase section */
		1ADCCC3B2D1E9E8B00540BB9 /* Sources */ = {
			isa = PBXSourcesBuildPhase;
			buildActionMask = 2147483647;
			files = (
			);
			runOnlyForDeploymentPostprocessing = 0;
		};
		1ADCCC4B2D1E9E8D00540BB9 /* Sources */ = {
			isa = PBXSourcesBuildPhase;
			buildActionMask = 2147483647;
			files = (
			);
			runOnlyForDeploymentPostprocessing = 0;
		};
		1ADCCC552D1E9E8D00540BB9 /* Sources */ = {
			isa = PBXSourcesBuildPhase;
			buildActionMask = 2147483647;
			files = (
			);
			runOnlyForDeploymentPostprocessing = 0;
		};
/* End PBXSourcesBuildPhase section */

/* Begin PBXTargetDependency section */
		1ADCCC512D1E9E8D00540BB9 /* PBXTargetDependency */ = {
			isa = PBXTargetDependency;
			target = 1ADCCC3E2D1E9E8B00540BB9 /* sqliteDemo */;
			targetProxy = 1ADCCC502D1E9E8D00540BB9 /* PBXContainerItemProxy */;
		};
		1ADCCC5B2D1E9E8D00540BB9 /* PBXTargetDependency */ = {
			isa = PBXTargetDependency;
			target = 1ADCCC3E2D1E9E8B00540BB9 /* sqliteDemo */;
			targetProxy = 1ADCCC5A2D1E9E8D00540BB9 /* PBXContainerItemProxy */;
		};
/* End PBXTargetDependency section */

/* Begin XCBuildConfiguration section */
		1ADCCC612D1E9E8D00540BB9 /* Debug */ = {
			isa = XCBuildConfiguration;
			buildSettings = {
				ALWAYS_SEARCH_USER_PATHS = NO;
				ASSETCATALOG_COMPILER_GENERATE_SWIFT_ASSET_SYMBOL_EXTENSIONS = YES;
				CLANG_ANALYZER_NONNULL = YES;
				CLANG_ANALYZER_NUMBER_OBJECT_CONVERSION = YES_AGGRESSIVE;
				CLANG_CXX_LANGUAGE_STANDARD = "gnu++20";
				CLANG_ENABLE_MODULES = YES;
				CLANG_ENABLE_OBJC_ARC = YES;
				CLANG_ENABLE_OBJC_WEAK = YES;
				CLANG_WARN_BLOCK_CAPTURE_AUTORELEASING = YES;
				CLANG_WARN_BOOL_CONVERSION = YES;
				CLANG_WARN_COMMA = YES;
				CLANG_WARN_CONSTANT_CONVERSION = YES;
				CLANG_WARN_DEPRECATED_OBJC_IMPLEMENTATIONS = YES;
				CLANG_WARN_DIRECT_OBJC_ISA_USAGE = YES_ERROR;
				CLANG_WARN_DOCUMENTATION_COMMENTS = YES;
				CLANG_WARN_EMPTY_BODY = YES;
				CLANG_WARN_ENUM_CONVERSION = YES;
				CLANG_WARN_INFINITE_RECURSION = YES;
				CLANG_WARN_INT_CONVERSION = YES;
				CLANG_WARN_NON_LITERAL_NULL_CONVERSION = YES;
				CLANG_WARN_OBJC_IMPLICIT_RETAIN_SELF = YES;
				CLANG_WARN_OBJC_LITERAL_CONVERSION = YES;
				CLANG_WARN_OBJC_ROOT_CLASS = YES_ERROR;
				CLANG_WARN_QUOTED_INCLUDE_IN_FRAMEWORK_HEADER = YES;
				CLANG_WARN_RANGE_LOOP_ANALYSIS = YES;
				CLANG_WARN_STRICT_PROTOTYPES = YES;
				CLANG_WARN_SUSPICIOUS_MOVE = YES;
				CLANG_WARN_UNGUARDED_AVAILABILITY = YES_AGGRESSIVE;
				CLANG_WARN_UNREACHABLE_CODE = YES;
				CLANG_WARN__DUPLICATE_METHOD_MATCH = YES;
				COPY_PHASE_STRIP = NO;
				DEBUG_INFORMATION_FORMAT = dwarf;
				ENABLE_STRICT_OBJC_MSGSEND = YES;
				ENABLE_TESTABILITY = YES;
				ENABLE_USER_SCRIPT_SANDBOXING = YES;
				GCC_C_LANGUAGE_STANDARD = gnu17;
				GCC_DYNAMIC_NO_PIC = NO;
				GCC_NO_COMMON_BLOCKS = YES;
				GCC_OPTIMIZATION_LEVEL = 0;
				GCC_PREPROCESSOR_DEFINITIONS = (
					"DEBUG=1",
					"$(inherited)",
				);
				GCC_WARN_64_TO_32_BIT_CONVERSION = YES;
				GCC_WARN_ABOUT_RETURN_TYPE = YES_ERROR;
				GCC_WARN_UNDECLARED_SELECTOR = YES;
				GCC_WARN_UNINITIALIZED_AUTOS = YES_AGGRESSIVE;
				GCC_WARN_UNUSED_FUNCTION = YES;
				GCC_WARN_UNUSED_VARIABLE = YES;
				IPHONEOS_DEPLOYMENT_TARGET = 18.2;
				LOCALIZATION_PREFERS_STRING_CATALOGS = YES;
				MTL_ENABLE_DEBUG_INFO = INCLUDE_SOURCE;
				MTL_FAST_MATH = YES;
				ONLY_ACTIVE_ARCH = YES;
				SDKROOT = iphoneos;
				SWIFT_ACTIVE_COMPILATION_CONDITIONS = "DEBUG $(inherited)";
				SWIFT_OPTIMIZATION_LEVEL = "-Onone";
			};
			name = Debug;
		};
		1ADCCC622D1E9E8D00540BB9 /* Release */ = {
			isa = XCBuildConfiguration;
			buildSettings = {
				ALWAYS_SEARCH_USER_PATHS = NO;
				ASSETCATALOG_COMPILER_GENERATE_SWIFT_ASSET_SYMBOL_EXTENSIONS = YES;
				CLANG_ANALYZER_NONNULL = YES;
				CLANG_ANALYZER_NUMBER_OBJECT_CONVERSION = YES_AGGRESSIVE;
				CLANG_CXX_LANGUAGE_STANDARD = "gnu++20";
				CLANG_ENABLE_MODULES = YES;
				CLANG_ENABLE_OBJC_ARC = YES;
				CLANG_ENABLE_OBJC_WEAK = YES;
				CLANG_WARN_BLOCK_CAPTURE_AUTORELEASING = YES;
				CLANG_WARN_BOOL_CONVERSION = YES;
				CLANG_WARN_COMMA = YES;
				CLANG_WARN_CONSTANT_CONVERSION = YES;
				CLANG_WARN_DEPRECATED_OBJC_IMPLEMENTATIONS = YES;
				CLANG_WARN_DIRECT_OBJC_ISA_USAGE = YES_ERROR;
				CLANG_WARN_DOCUMENTATION_COMMENTS = YES;
				CLANG_WARN_EMPTY_BODY = YES;
				CLANG_WARN_ENUM_CONVERSION = YES;
				CLANG_WARN_INFINITE_RECURSION = YES;
				CLANG_WARN_INT_CONVERSION = YES;
				CLANG_WARN_NON_LITERAL_NULL_CONVERSION = YES;
				CLANG_WARN_OBJC_IMPLICIT_RETAIN_SELF = YES;
				CLANG_WARN_OBJC_LITERAL_CONVERSION = YES;
				CLANG_WARN_OBJC_ROOT_CLASS = YES_ERROR;
				CLANG_WARN_QUOTED_INCLUDE_IN_FRAMEWORK_HEADER = YES;
				CLANG_WARN_RANGE_LOOP_ANALYSIS = YES;
				CLANG_WARN_STRICT_PROTOTYPES = YES;
				CLANG_WARN_SUSPICIOUS_MOVE = YES;
				CLANG_WARN_UNGUARDED_AVAILABILITY = YES_AGGRESSIVE;
				CLANG_WARN_UNREACHABLE_CODE = YES;
				CLANG_WARN__DUPLICATE_METHOD_MATCH = YES;
				COPY_PHASE_STRIP = NO;
				DEBUG_INFORMATION_FORMAT = "dwarf-with-dsym";
				ENABLE_NS_ASSERTIONS = NO;
				ENABLE_STRICT_OBJC_MSGSEND = YES;
				ENABLE_USER_SCRIPT_SANDBOXING = YES;
				GCC_C_LANGUAGE_STANDARD = gnu17;
				GCC_NO_COMMON_BLOCKS = YES;
				GCC_WARN_64_TO_32_BIT_CONVERSION = YES;
				GCC_WARN_ABOUT_RETURN_TYPE = YES_ERROR;
				GCC_WARN_UNDECLARED_SELECTOR = YES;
				GCC_WARN_UNINITIALIZED_AUTOS = YES_AGGRESSIVE;
				GCC_WARN_UNUSED_FUNCTION = YES;
				GCC_WARN_UNUSED_VARIABLE = YES;
				IPHONEOS_DEPLOYMENT_TARGET = 18.2;
				LOCALIZATION_PREFERS_STRING_CATALOGS = YES;
				MTL_ENABLE_DEBUG_INFO = NO;
				MTL_FAST_MATH = YES;
				SDKROOT = iphoneos;
				SWIFT_COMPILATION_MODE = wholemodule;
				VALIDATE_PRODUCT = YES;
			};
			name = Release;
		};
		1ADCCC642D1E9E8D00540BB9 /* Debug */ = {
			isa = XCBuildConfiguration;
			buildSettings = {
				ASSETCATALOG_COMPILER_APPICON_NAME = AppIcon;
				ASSETCATALOG_COMPILER_GLOBAL_ACCENT_COLOR_NAME = AccentColor;
				CODE_SIGN_STYLE = Automatic;
				CURRENT_PROJECT_VERSION = 1;
				DEVELOPMENT_ASSET_PATHS = "\"sqliteDemo/Preview Content\"";
				DEVELOPMENT_TEAM = 685BA2XV8P;
				ENABLE_PREVIEWS = YES;
				GENERATE_INFOPLIST_FILE = YES;
				INFOPLIST_KEY_UIApplicationSceneManifest_Generation = YES;
				INFOPLIST_KEY_UIApplicationSupportsIndirectInputEvents = YES;
				INFOPLIST_KEY_UILaunchScreen_Generation = YES;
				INFOPLIST_KEY_UISupportedInterfaceOrientations_iPad = "UIInterfaceOrientationPortrait UIInterfaceOrientationPortraitUpsideDown UIInterfaceOrientationLandscapeLeft UIInterfaceOrientationLandscapeRight";
				INFOPLIST_KEY_UISupportedInterfaceOrientations_iPhone = "UIInterfaceOrientationPortrait UIInterfaceOrientationLandscapeLeft UIInterfaceOrientationLandscapeRight";
				LD_RUNPATH_SEARCH_PATHS = (
					"$(inherited)",
					"@executable_path/Frameworks",
				);
				MACOSX_DEPLOYMENT_TARGET = 14.6;
				MARKETING_VERSION = 1.0;
				PRODUCT_BUNDLE_IDENTIFIER = com.coolishbee.sqliteDemo;
				PRODUCT_NAME = "$(TARGET_NAME)";
				REGISTER_APP_GROUPS = NO;
				SUPPORTED_PLATFORMS = "iphoneos iphonesimulator macosx";
				SUPPORTS_MACCATALYST = NO;
				SUPPORTS_MAC_DESIGNED_FOR_IPHONE_IPAD = NO;
				SUPPORTS_XR_DESIGNED_FOR_IPHONE_IPAD = NO;
				SWIFT_EMIT_LOC_STRINGS = YES;
				SWIFT_VERSION = 5.0;
				TARGETED_DEVICE_FAMILY = "1,2";
			};
			name = Debug;
		};
		1ADCCC652D1E9E8D00540BB9 /* Release */ = {
			isa = XCBuildConfiguration;
			buildSettings = {
				ASSETCATALOG_COMPILER_APPICON_NAME = AppIcon;
				ASSETCATALOG_COMPILER_GLOBAL_ACCENT_COLOR_NAME = AccentColor;
				CODE_SIGN_STYLE = Automatic;
				CURRENT_PROJECT_VERSION = 1;
				DEVELOPMENT_ASSET_PATHS = "\"sqliteDemo/Preview Content\"";
				DEVELOPMENT_TEAM = 685BA2XV8P;
				ENABLE_PREVIEWS = YES;
				GENERATE_INFOPLIST_FILE = YES;
				INFOPLIST_KEY_UIApplicationSceneManifest_Generation = YES;
				INFOPLIST_KEY_UIApplicationSupportsIndirectInputEvents = YES;
				INFOPLIST_KEY_UILaunchScreen_Generation = YES;
				INFOPLIST_KEY_UISupportedInterfaceOrientations_iPad = "UIInterfaceOrientationPortrait UIInterfaceOrientationPortraitUpsideDown UIInterfaceOrientationLandscapeLeft UIInterfaceOrientationLandscapeRight";
				INFOPLIST_KEY_UISupportedInterfaceOrientations_iPhone = "UIInterfaceOrientationPortrait UIInterfaceOrientationLandscapeLeft UIInterfaceOrientationLandscapeRight";
				LD_RUNPATH_SEARCH_PATHS = (
					"$(inherited)",
					"@executable_path/Frameworks",
				);
				MACOSX_DEPLOYMENT_TARGET = 14.6;
				MARKETING_VERSION = 1.0;
				PRODUCT_BUNDLE_IDENTIFIER = com.coolishbee.sqliteDemo;
				PRODUCT_NAME = "$(TARGET_NAME)";
				REGISTER_APP_GROUPS = NO;
				SUPPORTED_PLATFORMS = "iphoneos iphonesimulator macosx";
				SUPPORTS_MACCATALYST = NO;
				SUPPORTS_MAC_DESIGNED_FOR_IPHONE_IPAD = NO;
				SUPPORTS_XR_DESIGNED_FOR_IPHONE_IPAD = NO;
				SWIFT_EMIT_LOC_STRINGS = YES;
				SWIFT_VERSION = 5.0;
				TARGETED_DEVICE_FAMILY = "1,2";
			};
			name = Release;
		};
		1ADCCC672D1E9E8D00540BB9 /* Debug */ = {
			isa = XCBuildConfiguration;
			buildSettings = {
				BUNDLE_LOADER = "$(TEST_HOST)";
				CODE_SIGN_STYLE = Automatic;
				CURRENT_PROJECT_VERSION = 1;
				DEVELOPMENT_TEAM = 685BA2XV8P;
				GENERATE_INFOPLIST_FILE = YES;
				IPHONEOS_DEPLOYMENT_TARGET = 18.2;
				MARKETING_VERSION = 1.0;
				PRODUCT_BUNDLE_IDENTIFIER = com.coolishbee.sqliteDemoTests;
				PRODUCT_NAME = "$(TARGET_NAME)";
				SWIFT_EMIT_LOC_STRINGS = NO;
				SWIFT_VERSION = 5.0;
				TARGETED_DEVICE_FAMILY = "1,2";
				TEST_HOST = "$(BUILT_PRODUCTS_DIR)/sqliteDemo.app/$(BUNDLE_EXECUTABLE_FOLDER_PATH)/sqliteDemo";
			};
			name = Debug;
		};
		1ADCCC682D1E9E8D00540BB9 /* Release */ = {
			isa = XCBuildConfiguration;
			buildSettings = {
				BUNDLE_LOADER = "$(TEST_HOST)";
				CODE_SIGN_STYLE = Automatic;
				CURRENT_PROJECT_VERSION = 1;
				DEVELOPMENT_TEAM = 685BA2XV8P;
				GENERATE_INFOPLIST_FILE = YES;
				IPHONEOS_DEPLOYMENT_TARGET = 18.2;
				MARKETING_VERSION = 1.0;
				PRODUCT_BUNDLE_IDENTIFIER = com.coolishbee.sqliteDemoTests;
				PRODUCT_NAME = "$(TARGET_NAME)";
				SWIFT_EMIT_LOC_STRINGS = NO;
				SWIFT_VERSION = 5.0;
				TARGETED_DEVICE_FAMILY = "1,2";
				TEST_HOST = "$(BUILT_PRODUCTS_DIR)/sqliteDemo.app/$(BUNDLE_EXECUTABLE_FOLDER_PATH)/sqliteDemo";
			};
			name = Release;
		};
		1ADCCC6A2D1E9E8D00540BB9 /* Debug */ = {
			isa = XCBuildConfiguration;
			buildSettings = {
				CODE_SIGN_STYLE = Automatic;
				CURRENT_PROJECT_VERSION = 1;
				DEVELOPMENT_TEAM = 685BA2XV8P;
				GENERATE_INFOPLIST_FILE = YES;
				MARKETING_VERSION = 1.0;
				PRODUCT_BUNDLE_IDENTIFIER = com.coolishbee.sqliteDemoUITests;
				PRODUCT_NAME = "$(TARGET_NAME)";
				SWIFT_EMIT_LOC_STRINGS = NO;
				SWIFT_VERSION = 5.0;
				TARGETED_DEVICE_FAMILY = "1,2";
				TEST_TARGET_NAME = sqliteDemo;
			};
			name = Debug;
		};
		1ADCCC6B2D1E9E8D00540BB9 /* Release */ = {
			isa = XCBuildConfiguration;
			buildSettings = {
				CODE_SIGN_STYLE = Automatic;
				CURRENT_PROJECT_VERSION = 1;
				DEVELOPMENT_TEAM = 685BA2XV8P;
				GENERATE_INFOPLIST_FILE = YES;
				MARKETING_VERSION = 1.0;
				PRODUCT_BUNDLE_IDENTIFIER = com.coolishbee.sqliteDemoUITests;
				PRODUCT_NAME = "$(TARGET_NAME)";
				SWIFT_EMIT_LOC_STRINGS = NO;
				SWIFT_VERSION = 5.0;
				TARGETED_DEVICE_FAMILY = "1,2";
				TEST_TARGET_NAME = sqliteDemo;
			};
			name = Release;
		};
/* End XCBuildConfiguration section */

/* Begin XCConfigurationList section */
		1ADCCC3A2D1E9E8B00540BB9 /* Build configuration list for PBXProject "sqliteDemo" */ = {
			isa = XCConfigurationList;
			buildConfigurations = (
				1ADCCC612D1E9E8D00540BB9 /* Debug */,
				1ADCCC622D1E9E8D00540BB9 /* Release */,
			);
			defaultConfigurationIsVisible = 0;
			defaultConfigurationName = Release;
		};
		1ADCCC632D1E9E8D00540BB9 /* Build configuration list for PBXNativeTarget "sqliteDemo" */ = {
			isa = XCConfigurationList;
			buildConfigurations = (
				1ADCCC642D1E9E8D00540BB9 /* Debug */,
				1ADCCC652D1E9E8D00540BB9 /* Release */,
			);
			defaultConfigurationIsVisible = 0;
			defaultConfigurationName = Release;
		};
		1ADCCC662D1E9E8D00540BB9 /* Build configuration list for PBXNativeTarget "sqliteDemoTests" */ = {
			isa = XCConfigurationList;
			buildConfigurations = (
				1ADCCC672D1E9E8D00540BB9 /* Debug */,
				1ADCCC682D1E9E8D00540BB9 /* Release */,
			);
			defaultConfigurationIsVisible = 0;
			defaultConfigurationName = Release;
		};
		1ADCCC692D1E9E8D00540BB9 /* Build configuration list for PBXNativeTarget "sqliteDemoUITests" */ = {
			isa = XCConfigurationList;
			buildConfigurations = (
				1ADCCC6A2D1E9E8D00540BB9 /* Debug */,
				1ADCCC6B2D1E9E8D00540BB9 /* Release */,
			);
			defaultConfigurationIsVisible = 0;
			defaultConfigurationName = Release;
		};
/* End XCConfigurationList section */

/* Begin XCRemoteSwiftPackageReference section */
		1ADCCC8A2D1E9FB200540BB9 /* XCRemoteSwiftPackageReference "SQLite.swift" */ = {
			isa = XCRemoteSwiftPackageReference;
			repositoryURL = "https://github.com/stephencelis/SQLite.swift.git";
			requirement = {
				kind = upToNextMajorVersion;
				minimumVersion = 0.15.3;
			};
		};
/* End XCRemoteSwiftPackageReference section */

/* Begin XCSwiftPackageProductDependency section */
		1ADCCC8B2D1E9FB200540BB9 /* SQLite */ = {
			isa = XCSwiftPackageProductDependency;
			package = 1ADCCC8A2D1E9FB200540BB9 /* XCRemoteSwiftPackageReference "SQLite.swift" */;
			productName = SQLite;
		};
/* End XCSwiftPackageProductDependency section */
	};
	rootObject = 1ADCCC372D1E9E8B00540BB9 /* Project object */;
}
